# This file was autogenerated by uv via the following command:
#    uv pip compile pyproject.toml -o uv.lock
contourpy==1.3.1
    # via
    #   origin (pyproject.toml)
    #   matplotlib
cycler==0.12.1
    # via
    #   origin (pyproject.toml)
    #   matplotlib
fonttools==4.56.0
    # via
    #   origin (pyproject.toml)
    #   matplotlib
kiwisolver==1.4.8
    # via
    #   origin (pyproject.toml)
    #   matplotlib
matplotlib==3.10.1
    # via origin (pyproject.toml)
numpy==2.2.4
    # via
    #   origin (pyproject.toml)
    #   contourpy
    #   matplotlib
    #   pandas
    #   scipy
packaging==24.2
    # via
    #   origin (pyproject.toml)
    #   matplotlib
pandas==2.2.3
    # via origin (pyproject.toml)
pillow==11.1.0
    # via
    #   origin (pyproject.toml)
    #   matplotlib
pyparsing==3.2.1
    # via
    #   origin (pyproject.toml)
    #   matplotlib
python-dateutil==2.9.0.post0
    # via
    #   origin (pyproject.toml)
    #   matplotlib
    #   pandas
pytz==2025.1
    # via
    #   origin (pyproject.toml)
    #   pandas
scipy==1.15.2
    # via origin (pyproject.toml)
six==1.17.0
    # via
    #   origin (pyproject.toml)
    #   python-dateutil
tzdata==2025.1
    # via
    #   origin (pyproject.toml)
    #   pandas
